{
  "name": "SCF",
  "version": "1.0.0",
  "lockfileVersion": 1,
  "requires": true,
  "dependencies": {
    "@abaplint/cli": {
      "version": "2.79.18",
      "resolved": "https://registry.npmjs.org/@abaplint/cli/-/cli-2.79.18.tgz",
      "integrity": "sha512-0F2xjsrtseWNTQYtrKqrVi0JqsDMFUYuXzvwvqLaEugWEoWAVbNEqZeEYIcQaVxih+M53pVQzPqX6rB2ZFygAw=="
    },
    "abapmerge": {
      "version": "0.14.3",
      "resolved": "https://registry.npmjs.org/abapmerge/-/abapmerge-0.14.3.tgz",
      "integrity": "sha512-f0CV09NRgirtgeQxH1gkBqu24dJjBYHq7zTdj9Tf1GA1dUG/FEM1ZOUd1mw8bflq2YxCIWWBJXXeGtQ2450UiQ==",
      "requires": {
        "commander": "^7.1.0"
      }
    },
    "commander": {
      "version": "7.2.0",
      "resolved": "https://registry.npmjs.org/commander/-/commander-7.2.0.tgz",
      "integrity": "sha512-QrWXB+ZQSVPmIWIhtEO9H+gwHaMGYiF5ChvoJ+K9ZGHG/sVsa6yiesAD1GC/x46sET00Xlwo1u49RVVVzvcSkw=="
    }
  }
}
